
Microsoft Visual Studio Solution File, Format Version 12.00
# Visual Studio Version 16
VisualStudioVersion = 16.0.34114.132
MinimumVisualStudioVersion = 10.0.40219.1
Project("{FAE04EC0-301F-11D3-BF4B-00C04F79EFBC}") = "ex5", "ex5\ex5.csproj", "{E6459202-B2AD-4D3F-A28F-9D12F961EEC6}"
EndProject
Project("{2150E333-8FDC-42A3-9474-1A3956D46DE8}") = "Solution Items", "Solution Items", "{E1BB69D8-732F-43B4-8C15-5FAB4B9C0B44}"
	ProjectSection(SolutionItems) = preProject
		..\..\..\Bibl\Book.cs = ..\..\..\Bibl\Book.cs
		..\..\..\Bibl\IPubs.cs = ..\..\..\Bibl\IPubs.cs
		..\..\..\Bibl\Item.cs = ..\..\..\Bibl\Item.cs
		..\..\..\Bibl\Magazine.cs = ..\..\..\Bibl\Magazine.cs
	EndProjectSection
EndProject
Global
	GlobalSection(SolutionConfigurationPlatforms) = preSolution
		Debug|Any CPU = Debug|Any CPU
		Release|Any CPU = Release|Any CPU
	EndGlobalSection
	GlobalSection(ProjectConfigurationPlatforms) = postSolution
		{E6459202-B2AD-4D3F-A28F-9D12F961EEC6}.Debug|Any CPU.ActiveCfg = Debug|Any CPU
		{E6459202-B2AD-4D3F-A28F-9D12F961EEC6}.Debug|Any CPU.Build.0 = Debug|Any CPU
		{E6459202-B2AD-4D3F-A28F-9D12F961EEC6}.Release|Any CPU.ActiveCfg = Release|Any CPU
		{E6459202-B2AD-4D3F-A28F-9D12F961EEC6}.Release|Any CPU.Build.0 = Release|Any CPU
	EndGlobalSection
	GlobalSection(SolutionProperties) = preSolution
		HideSolutionNode = FALSE
	EndGlobalSection
	GlobalSection(ExtensibilityGlobals) = postSolution
		SolutionGuid = {E9A4CEDA-A6A8-439E-A689-E43C9455A32E}
	EndGlobalSection
EndGlobal
